{
  "version": 4,
  "terraform_version": "1.3.5",
  "serial": 91,
  "lineage": "48dd0663-8821-e29f-70dd-78584c8b8fa4",
  "outputs": {},
  "resources": [
    {
      "mode": "managed",
      "type": "aws_glue_job",
      "name": "test_py_job",
      "provider": "provider[\"registry.terraform.io/hashicorp/aws\"]",
      "instances": [
        {
          "schema_version": 0,
          "attributes": {
            "arn": "arn:aws:glue:us-east-1:751271771288:job/test_py_job",
            "command": [
              {
                "name": "pythonshell",
                "python_version": "3",
                "script_location": "S3://avi.ravipati.gluescripts/hello_world.py"
              }
            ],
            "connections": null,
            "default_arguments": {
              "--enable-continuous-cloudwatch-log": "true",
              "--enable-continuous-log-filter": "true",
              "--enable-metrics": ""
            },
            "description": "",
            "execution_class": "",
            "execution_property": [
              {
                "max_concurrent_runs": 1
              }
            ],
            "glue_version": "",
            "id": "test_py_job",
            "max_capacity": 0.0625,
            "max_retries": 0,
            "name": "test_py_job",
            "non_overridable_arguments": null,
            "notification_property": [],
            "number_of_workers": 0,
            "role_arn": "arn:aws:iam::751271771288:role/terraform_glue_role",
            "security_configuration": "",
            "tags": null,
            "tags_all": {},
            "timeout": 2880,
            "worker_type": ""
          },
          "sensitive_attributes": [],
          "private": "bnVsbA==",
          "dependencies": [
            "aws_iam_role.terraform_glue_role",
            "aws_s3_bucket.glue"
          ]
        }
      ]
    },
    {
      "mode": "managed",
      "type": "aws_iam_role",
      "name": "terraform_glue_role",
      "provider": "provider[\"registry.terraform.io/hashicorp/aws\"]",
      "instances": [
        {
          "schema_version": 0,
          "attributes": {
            "arn": "arn:aws:iam::751271771288:role/terraform_glue_role",
            "assume_role_policy": "{\"Statement\":[{\"Action\":\"sts:AssumeRole\",\"Effect\":\"Allow\",\"Principal\":{\"Service\":\"glue.amazonaws.com\"}}],\"Version\":\"2012-10-17\"}",
            "create_date": "2022-11-29T06:15:32Z",
            "description": "",
            "force_detach_policies": false,
            "id": "terraform_glue_role",
            "inline_policy": [],
            "managed_policy_arns": [],
            "max_session_duration": 3600,
            "name": "terraform_glue_role",
            "name_prefix": "",
            "path": "/",
            "permissions_boundary": null,
            "tags": null,
            "tags_all": {},
            "unique_id": "AROA2522JPSMAX5OU2U2L"
          },
          "sensitive_attributes": [],
          "private": "bnVsbA=="
        }
      ]
    },
    {
      "mode": "managed",
      "type": "aws_iam_role_policy",
      "name": "terraform_glue_role_policy",
      "provider": "provider[\"registry.terraform.io/hashicorp/aws\"]",
      "instances": [
        {
          "schema_version": 0,
          "attributes": {
            "id": "terraform_glue_role:terraform_glue_role_policy",
            "name": "terraform_glue_role_policy",
            "name_prefix": null,
            "policy": "{\"Statement\":[{\"Action\":[\"logs:DeleteDataProtectionPolicy\",\"logs:DeleteSubscriptionFilter\",\"logs:DeleteLogStream\",\"logs:CreateExportTask\",\"logs:CreateLogStream\",\"logs:DeleteMetricFilter\",\"S3:*\",\"logs:CancelExportTask\",\"logs:DeleteRetentionPolicy\",\"logs:DeleteLogDelivery\",\"logs:AssociateKmsKey\",\"logs:PutDestination\",\"logs:DisassociateKmsKey\",\"logs:PutDataProtectionPolicy\",\"logs:DeleteLogGroup\",\"logs:PutDestinationPolicy\",\"logs:DeleteQueryDefinition\",\"logs:PutQueryDefinition\",\"logs:DeleteDestination\",\"logs:PutLogEvents\",\"logs:CreateLogGroup\",\"logs:Link\",\"logs:PutMetricFilter\",\"logs:CreateLogDelivery\",\"logs:UpdateLogDelivery\",\"logs:PutSubscriptionFilter\",\"logs:PutRetentionPolicy\"],\"Effect\":\"Allow\",\"Resource\":[\"*\"]}],\"Version\":\"2012-10-17\"}",
            "role": "terraform_glue_role"
          },
          "sensitive_attributes": [],
          "private": "bnVsbA==",
          "dependencies": [
            "aws_iam_role.terraform_glue_role"
          ]
        }
      ]
    },
    {
      "mode": "managed",
      "type": "aws_s3_bucket",
      "name": "glue",
      "provider": "provider[\"registry.terraform.io/hashicorp/aws\"]",
      "instances": [
        {
          "schema_version": 0,
          "attributes": {
            "acceleration_status": "",
            "acl": null,
            "arn": "arn:aws:s3:::avi.ravipati.gluescripts",
            "bucket": "avi.ravipati.gluescripts",
            "bucket_domain_name": "avi.ravipati.gluescripts.s3.amazonaws.com",
            "bucket_prefix": null,
            "bucket_regional_domain_name": "avi.ravipati.gluescripts.s3.amazonaws.com",
            "cors_rule": [],
            "force_destroy": false,
            "grant": [
              {
                "id": "ac9db95661f7ca5ef4f817468d887284facfcbdfb92eca456c4b39a5867e5f3d",
                "permissions": [
                  "FULL_CONTROL"
                ],
                "type": "CanonicalUser",
                "uri": ""
              }
            ],
            "hosted_zone_id": "Z3AQBSTGFYJSTF",
            "id": "avi.ravipati.gluescripts",
            "lifecycle_rule": [],
            "logging": [],
            "object_lock_configuration": [],
            "object_lock_enabled": false,
            "policy": "",
            "region": "us-east-1",
            "replication_configuration": [],
            "request_payer": "BucketOwner",
            "server_side_encryption_configuration": [],
            "tags": {},
            "tags_all": {},
            "timeouts": null,
            "versioning": [
              {
                "enabled": false,
                "mfa_delete": false
              }
            ],
            "website": [],
            "website_domain": null,
            "website_endpoint": null
          },
          "sensitive_attributes": [],
          "private": "eyJlMmJmYjczMC1lY2FhLTExZTYtOGY4OC0zNDM2M2JjN2M0YzAiOnsiY3JlYXRlIjoxMjAwMDAwMDAwMDAwLCJkZWxldGUiOjM2MDAwMDAwMDAwMDAsInJlYWQiOjEyMDAwMDAwMDAwMDAsInVwZGF0ZSI6MTIwMDAwMDAwMDAwMH19"
        }
      ]
    }
  ],
  "check_results": null
}
